
Microsoft Visual Studio Solution File, Format Version 12.00
# Visual Studio Version 16
VisualStudioVersion = 16.0.31702.278
MinimumVisualStudioVersion = 10.0.40219.1
Project("{FAE04EC0-301F-11D3-BF4B-00C04F79EFBC}") = "Chess-Game", "Chess-Game\Chess-Game.csproj", "{1508E168-07FE-483D-8A96-8087B395EEB3}"
EndProject
Global
	GlobalSection(SolutionConfigurationPlatforms) = preSolution
		Debug|Any CPU = Debug|Any CPU
		Release|Any CPU = Release|Any CPU
	EndGlobalSection
	GlobalSection(ProjectConfigurationPlatforms) = postSolution
		{1508E168-07FE-483D-8A96-8087B395EEB3}.Debug|Any CPU.ActiveCfg = Debug|Any CPU
		{1508E168-07FE-483D-8A96-8087B395EEB3}.Debug|Any CPU.Build.0 = Debug|Any CPU
		{1508E168-07FE-483D-8A96-8087B395EEB3}.Release|Any CPU.ActiveCfg = Release|Any CPU
		{1508E168-07FE-483D-8A96-8087B395EEB3}.Release|Any CPU.Build.0 = Release|Any CPU
	EndGlobalSection
	GlobalSection(SolutionProperties) = preSolution
		HideSolutionNode = FALSE
	EndGlobalSection
	GlobalSection(ExtensibilityGlobals) = postSolution
		SolutionGuid = {CD47DC2C-EA0F-49A8-B8A1-EA58C9C38BAB}
	EndGlobalSection
EndGlobal
